Microsoft Visual Studio Solution File, Format Version 11.00
# Visual Studio 2010
Project("{FAE04EC0-301F-11D3-BF4B-00C04F79EFBC}") = "EasyConnect", "EasyConnect.csproj", "{864B8C43-5221-4EF6-A98C-6DDA4E634F71}"
EndProject
Project("{54435603-DBB4-11D2-8724-00A0C9A8B90C}") = "Installer", "Installer\Installer.vdproj", "{F8E93E74-A85F-48DD-9FE2-A069DD629211}"
EndProject
Project("{FAE04EC0-301F-11D3-BF4B-00C04F79EFBC}") = "Stratman.Windows.Forms.TitleBarTabs", "..\TitleBarTabs\Stratman.Windows.Forms.TitleBarTabs.csproj", "{690BA0F7-D8FE-4EBE-BA39-8058086C7A09}"
EndProject
Global
	GlobalSection(SolutionConfigurationPlatforms) = preSolution
		Debug|Any CPU = Debug|Any CPU
		Debug|Mixed Platforms = Debug|Mixed Platforms
		Debug|x86 = Debug|x86
		Release|Any CPU = Release|Any CPU
		Release|Mixed Platforms = Release|Mixed Platforms
		Release|x86 = Release|x86
	EndGlobalSection
	GlobalSection(ProjectConfigurationPlatforms) = postSolution
		{864B8C43-5221-4EF6-A98C-6DDA4E634F71}.Debug|Any CPU.ActiveCfg = Debug|Any CPU
		{864B8C43-5221-4EF6-A98C-6DDA4E634F71}.Debug|Any CPU.Build.0 = Debug|Any CPU
		{864B8C43-5221-4EF6-A98C-6DDA4E634F71}.Debug|Mixed Platforms.ActiveCfg = Debug|Any CPU
		{864B8C43-5221-4EF6-A98C-6DDA4E634F71}.Debug|Mixed Platforms.Build.0 = Debug|Any CPU
		{864B8C43-5221-4EF6-A98C-6DDA4E634F71}.Debug|x86.ActiveCfg = Debug|Any CPU
		{864B8C43-5221-4EF6-A98C-6DDA4E634F71}.Release|Any CPU.ActiveCfg = Release|Any CPU
		{864B8C43-5221-4EF6-A98C-6DDA4E634F71}.Release|Any CPU.Build.0 = Release|Any CPU
		{864B8C43-5221-4EF6-A98C-6DDA4E634F71}.Release|Mixed Platforms.ActiveCfg = Release|Any CPU
		{864B8C43-5221-4EF6-A98C-6DDA4E634F71}.Release|Mixed Platforms.Build.0 = Release|Any CPU
		{864B8C43-5221-4EF6-A98C-6DDA4E634F71}.Release|x86.ActiveCfg = Release|Any CPU
		{F8E93E74-A85F-48DD-9FE2-A069DD629211}.Debug|Any CPU.ActiveCfg = Debug
		{F8E93E74-A85F-48DD-9FE2-A069DD629211}.Debug|Mixed Platforms.ActiveCfg = Debug
		{F8E93E74-A85F-48DD-9FE2-A069DD629211}.Debug|Mixed Platforms.Build.0 = Debug
		{F8E93E74-A85F-48DD-9FE2-A069DD629211}.Debug|x86.ActiveCfg = Debug
		{F8E93E74-A85F-48DD-9FE2-A069DD629211}.Debug|x86.Build.0 = Debug
		{F8E93E74-A85F-48DD-9FE2-A069DD629211}.Release|Any CPU.ActiveCfg = Release
		{F8E93E74-A85F-48DD-9FE2-A069DD629211}.Release|Mixed Platforms.ActiveCfg = Release
		{F8E93E74-A85F-48DD-9FE2-A069DD629211}.Release|Mixed Platforms.Build.0 = Release
		{F8E93E74-A85F-48DD-9FE2-A069DD629211}.Release|x86.ActiveCfg = Release
		{F8E93E74-A85F-48DD-9FE2-A069DD629211}.Release|x86.Build.0 = Release
		{690BA0F7-D8FE-4EBE-BA39-8058086C7A09}.Debug|Any CPU.ActiveCfg = Debug|x86
		{690BA0F7-D8FE-4EBE-BA39-8058086C7A09}.Debug|Mixed Platforms.ActiveCfg = Debug|x86
		{690BA0F7-D8FE-4EBE-BA39-8058086C7A09}.Debug|Mixed Platforms.Build.0 = Debug|x86
		{690BA0F7-D8FE-4EBE-BA39-8058086C7A09}.Debug|x86.ActiveCfg = Debug|x86
		{690BA0F7-D8FE-4EBE-BA39-8058086C7A09}.Debug|x86.Build.0 = Debug|x86
		{690BA0F7-D8FE-4EBE-BA39-8058086C7A09}.Release|Any CPU.ActiveCfg = Release|x86
		{690BA0F7-D8FE-4EBE-BA39-8058086C7A09}.Release|Mixed Platforms.ActiveCfg = Release|x86
		{690BA0F7-D8FE-4EBE-BA39-8058086C7A09}.Release|Mixed Platforms.Build.0 = Release|x86
		{690BA0F7-D8FE-4EBE-BA39-8058086C7A09}.Release|x86.ActiveCfg = Release|x86
		{690BA0F7-D8FE-4EBE-BA39-8058086C7A09}.Release|x86.Build.0 = Release|x86
	EndGlobalSection
	GlobalSection(SolutionProperties) = preSolution
		HideSolutionNode = FALSE
	EndGlobalSection
EndGlobal
