Microsoft Visual Studio Solution File, Format Version 12.00
# Visual Studio 2012
Project("{FAE04EC0-301F-11D3-BF4B-00C04F79EFBC}") = "EasyConnect", "EasyConnect.csproj", "{864B8C43-5221-4EF6-A98C-6DDA4E634F71}"
EndProject
Project("{54435603-DBB4-11D2-8724-00A0C9A8B90C}") = "Installer", "Installer\Installer.vdproj", "{F8E93E74-A85F-48DD-9FE2-A069DD629211}"
EndProject
Project("{FAE04EC0-301F-11D3-BF4B-00C04F79EFBC}") = "Stratman.Windows.Forms.TitleBarTabs", ".NETTitleBarTabs\Stratman.Windows.Forms.TitleBarTabs.csproj", "{690BA0F7-D8FE-4EBE-BA39-8058086C7A09}"
	ProjectSection(ProjectDependencies) = postProject
		{A558485A-58F7-4748-A0BE-EE1BB01732F5} = {A558485A-58F7-4748-A0BE-EE1BB01732F5}
	EndProjectSection
EndProject
Project("{FAE04EC0-301F-11D3-BF4B-00C04F79EFBC}") = "EasyConnect.Protocols", "Protocols\EasyConnect.Protocols.csproj", "{9794E3F6-45AA-4841-8AE3-60B9662A1B1E}"
EndProject
Project("{FAE04EC0-301F-11D3-BF4B-00C04F79EFBC}") = "EasyConnect.Protocols.Rdp", "Protocols\Rdp\EasyConnect.Protocols.Rdp.csproj", "{17C67EF4-73FC-46E7-A8C7-2BD963F7D81A}"
EndProject
Project("{FAE04EC0-301F-11D3-BF4B-00C04F79EFBC}") = "EasyConnect.Common", "Common\EasyConnect.Common.csproj", "{ABF68708-BDC0-4D29-A523-00EC942449B2}"
EndProject
Project("{FAE04EC0-301F-11D3-BF4B-00C04F79EFBC}") = "TerminalControl", "lib\TerminalControl\TerminalControl.csproj", "{60BE1158-C079-4603-8BC4-1658133E8EE5}"
EndProject
Project("{FAE04EC0-301F-11D3-BF4B-00C04F79EFBC}") = "EasyConnect.Protocols.Ssh", "Protocols\Ssh\EasyConnect.Protocols.Ssh.csproj", "{AD8E208E-4E00-4C37-98AB-AC1CF8538FB9}"
EndProject
Project("{FAE04EC0-301F-11D3-BF4B-00C04F79EFBC}") = "Win32Interop.Dwmapi", "Win32Interop\Dwmapi\Win32Interop.Dwmapi.csproj", "{88D97BB0-77CC-4431-8C6D-63EF9AD461B4}"
EndProject
Project("{FAE04EC0-301F-11D3-BF4B-00C04F79EFBC}") = "Win32Interop.Gdi32", "Win32Interop\Gdi32\Win32Interop.Gdi32.csproj", "{7B9B5218-AC11-48CE-83F9-465A3C897A14}"
EndProject
Project("{FAE04EC0-301F-11D3-BF4B-00C04F79EFBC}") = "Win32Interop.Kernel32", "Win32Interop\Kernel32\Win32Interop.Kernel32.csproj", "{C50EB086-0E96-4D7F-9C23-E7632ABC46AB}"
EndProject
Project("{8BC9CEB8-8B4A-11D0-8D11-00A0C91BC942}") = "SystemHookCore", "Win32Interop\SystemHookCore\SystemHookCore.vcxproj", "{A558485A-58F7-4748-A0BE-EE1BB01732F5}"
EndProject
Project("{FAE04EC0-301F-11D3-BF4B-00C04F79EFBC}") = "Win32Interop.User32", "Win32Interop\User32\Win32Interop.User32.csproj", "{1C09DA92-5492-4022-A090-961076A41185}"
EndProject
Project("{FAE04EC0-301F-11D3-BF4B-00C04F79EFBC}") = "Win32Interop.Uxtheme", "Win32Interop\Uxtheme\Win32Interop.Uxtheme.csproj", "{DFE88B86-31CA-4BDE-A1D1-77FE83F6A541}"
EndProject
Project("{2150E333-8FDC-42A3-9474-1A3956D46DE8}") = "ReSharper Settings", "ReSharper Settings", "{3F6605D6-12F6-45AB-A9A9-EA1815BECFC2}"
	ProjectSection(SolutionItems) = preProject
		EasyConnect.sln.DotSettings = EasyConnect.sln.DotSettings
	EndProjectSection
EndProject
Project("{FAE04EC0-301F-11D3-BF4B-00C04F79EFBC}") = "EasyConnect.Protocols.Vnc", "Protocols\Vnc\EasyConnect.Protocols.Vnc.csproj", "{13122D85-C813-4217-AE28-7921FC5588B2}"
EndProject
Global
	GlobalSection(SolutionConfigurationPlatforms) = preSolution
		Debug|Any CPU = Debug|Any CPU
		Debug|Mixed Platforms = Debug|Mixed Platforms
		Debug|Win32 = Debug|Win32
		Debug|x86 = Debug|x86
		Documentation|Any CPU = Documentation|Any CPU
		Documentation|Mixed Platforms = Documentation|Mixed Platforms
		Documentation|Win32 = Documentation|Win32
		Documentation|x86 = Documentation|x86
		Release|Any CPU = Release|Any CPU
		Release|Mixed Platforms = Release|Mixed Platforms
		Release|Win32 = Release|Win32
		Release|x86 = Release|x86
	EndGlobalSection
	GlobalSection(ProjectConfigurationPlatforms) = postSolution
		{864B8C43-5221-4EF6-A98C-6DDA4E634F71}.Debug|Any CPU.ActiveCfg = Debug|Any CPU
		{864B8C43-5221-4EF6-A98C-6DDA4E634F71}.Debug|Any CPU.Build.0 = Debug|Any CPU
		{864B8C43-5221-4EF6-A98C-6DDA4E634F71}.Debug|Mixed Platforms.ActiveCfg = Debug|x86
		{864B8C43-5221-4EF6-A98C-6DDA4E634F71}.Debug|Mixed Platforms.Build.0 = Debug|x86
		{864B8C43-5221-4EF6-A98C-6DDA4E634F71}.Debug|Win32.ActiveCfg = Debug|x86
		{864B8C43-5221-4EF6-A98C-6DDA4E634F71}.Debug|Win32.Build.0 = Debug|x86
		{864B8C43-5221-4EF6-A98C-6DDA4E634F71}.Debug|x86.ActiveCfg = Debug|x86
		{864B8C43-5221-4EF6-A98C-6DDA4E634F71}.Debug|x86.Build.0 = Debug|x86
		{864B8C43-5221-4EF6-A98C-6DDA4E634F71}.Documentation|Any CPU.ActiveCfg = Debug|Any CPU
		{864B8C43-5221-4EF6-A98C-6DDA4E634F71}.Documentation|Any CPU.Build.0 = Debug|Any CPU
		{864B8C43-5221-4EF6-A98C-6DDA4E634F71}.Documentation|Mixed Platforms.ActiveCfg = Debug|x86
		{864B8C43-5221-4EF6-A98C-6DDA4E634F71}.Documentation|Mixed Platforms.Build.0 = Debug|x86
		{864B8C43-5221-4EF6-A98C-6DDA4E634F71}.Documentation|Win32.ActiveCfg = Debug|x86
		{864B8C43-5221-4EF6-A98C-6DDA4E634F71}.Documentation|Win32.Build.0 = Debug|x86
		{864B8C43-5221-4EF6-A98C-6DDA4E634F71}.Documentation|x86.ActiveCfg = Debug|x86
		{864B8C43-5221-4EF6-A98C-6DDA4E634F71}.Documentation|x86.Build.0 = Debug|x86
		{864B8C43-5221-4EF6-A98C-6DDA4E634F71}.Release|Any CPU.ActiveCfg = Release|Any CPU
		{864B8C43-5221-4EF6-A98C-6DDA4E634F71}.Release|Any CPU.Build.0 = Release|Any CPU
		{864B8C43-5221-4EF6-A98C-6DDA4E634F71}.Release|Mixed Platforms.ActiveCfg = Release|x86
		{864B8C43-5221-4EF6-A98C-6DDA4E634F71}.Release|Mixed Platforms.Build.0 = Release|x86
		{864B8C43-5221-4EF6-A98C-6DDA4E634F71}.Release|Win32.ActiveCfg = Release|x86
		{864B8C43-5221-4EF6-A98C-6DDA4E634F71}.Release|Win32.Build.0 = Release|x86
		{864B8C43-5221-4EF6-A98C-6DDA4E634F71}.Release|x86.ActiveCfg = Release|Any CPU
		{F8E93E74-A85F-48DD-9FE2-A069DD629211}.Debug|Any CPU.ActiveCfg = Debug
		{F8E93E74-A85F-48DD-9FE2-A069DD629211}.Debug|Mixed Platforms.ActiveCfg = Debug
		{F8E93E74-A85F-48DD-9FE2-A069DD629211}.Debug|Mixed Platforms.Build.0 = Debug
		{F8E93E74-A85F-48DD-9FE2-A069DD629211}.Debug|Win32.ActiveCfg = Debug
		{F8E93E74-A85F-48DD-9FE2-A069DD629211}.Debug|x86.ActiveCfg = Debug
		{F8E93E74-A85F-48DD-9FE2-A069DD629211}.Debug|x86.Build.0 = Debug
		{F8E93E74-A85F-48DD-9FE2-A069DD629211}.Documentation|Any CPU.ActiveCfg = Debug
		{F8E93E74-A85F-48DD-9FE2-A069DD629211}.Documentation|Mixed Platforms.ActiveCfg = Debug
		{F8E93E74-A85F-48DD-9FE2-A069DD629211}.Documentation|Win32.ActiveCfg = Debug
		{F8E93E74-A85F-48DD-9FE2-A069DD629211}.Documentation|x86.ActiveCfg = Debug
		{F8E93E74-A85F-48DD-9FE2-A069DD629211}.Release|Any CPU.ActiveCfg = Release
		{F8E93E74-A85F-48DD-9FE2-A069DD629211}.Release|Mixed Platforms.ActiveCfg = Release
		{F8E93E74-A85F-48DD-9FE2-A069DD629211}.Release|Mixed Platforms.Build.0 = Release
		{F8E93E74-A85F-48DD-9FE2-A069DD629211}.Release|Win32.ActiveCfg = Release
		{F8E93E74-A85F-48DD-9FE2-A069DD629211}.Release|x86.ActiveCfg = Release
		{F8E93E74-A85F-48DD-9FE2-A069DD629211}.Release|x86.Build.0 = Release
		{690BA0F7-D8FE-4EBE-BA39-8058086C7A09}.Debug|Any CPU.ActiveCfg = Debug|Any CPU
		{690BA0F7-D8FE-4EBE-BA39-8058086C7A09}.Debug|Any CPU.Build.0 = Debug|Any CPU
		{690BA0F7-D8FE-4EBE-BA39-8058086C7A09}.Debug|Mixed Platforms.ActiveCfg = Debug|x86
		{690BA0F7-D8FE-4EBE-BA39-8058086C7A09}.Debug|Mixed Platforms.Build.0 = Debug|x86
		{690BA0F7-D8FE-4EBE-BA39-8058086C7A09}.Debug|Win32.ActiveCfg = Debug|x86
		{690BA0F7-D8FE-4EBE-BA39-8058086C7A09}.Debug|Win32.Build.0 = Debug|x86
		{690BA0F7-D8FE-4EBE-BA39-8058086C7A09}.Debug|x86.ActiveCfg = Debug|x86
		{690BA0F7-D8FE-4EBE-BA39-8058086C7A09}.Debug|x86.Build.0 = Debug|x86
		{690BA0F7-D8FE-4EBE-BA39-8058086C7A09}.Documentation|Any CPU.ActiveCfg = Debug|Any CPU
		{690BA0F7-D8FE-4EBE-BA39-8058086C7A09}.Documentation|Any CPU.Build.0 = Debug|Any CPU
		{690BA0F7-D8FE-4EBE-BA39-8058086C7A09}.Documentation|Mixed Platforms.ActiveCfg = Debug|x86
		{690BA0F7-D8FE-4EBE-BA39-8058086C7A09}.Documentation|Mixed Platforms.Build.0 = Debug|x86
		{690BA0F7-D8FE-4EBE-BA39-8058086C7A09}.Documentation|Win32.ActiveCfg = Debug|x86
		{690BA0F7-D8FE-4EBE-BA39-8058086C7A09}.Documentation|Win32.Build.0 = Debug|x86
		{690BA0F7-D8FE-4EBE-BA39-8058086C7A09}.Documentation|x86.ActiveCfg = Debug|x86
		{690BA0F7-D8FE-4EBE-BA39-8058086C7A09}.Documentation|x86.Build.0 = Debug|x86
		{690BA0F7-D8FE-4EBE-BA39-8058086C7A09}.Release|Any CPU.ActiveCfg = Release|Any CPU
		{690BA0F7-D8FE-4EBE-BA39-8058086C7A09}.Release|Any CPU.Build.0 = Release|Any CPU
		{690BA0F7-D8FE-4EBE-BA39-8058086C7A09}.Release|Mixed Platforms.ActiveCfg = Release|x86
		{690BA0F7-D8FE-4EBE-BA39-8058086C7A09}.Release|Mixed Platforms.Build.0 = Release|x86
		{690BA0F7-D8FE-4EBE-BA39-8058086C7A09}.Release|Win32.ActiveCfg = Release|x86
		{690BA0F7-D8FE-4EBE-BA39-8058086C7A09}.Release|Win32.Build.0 = Release|x86
		{690BA0F7-D8FE-4EBE-BA39-8058086C7A09}.Release|x86.ActiveCfg = Release|x86
		{690BA0F7-D8FE-4EBE-BA39-8058086C7A09}.Release|x86.Build.0 = Release|x86
		{9794E3F6-45AA-4841-8AE3-60B9662A1B1E}.Debug|Any CPU.ActiveCfg = Debug|Any CPU
		{9794E3F6-45AA-4841-8AE3-60B9662A1B1E}.Debug|Any CPU.Build.0 = Debug|Any CPU
		{9794E3F6-45AA-4841-8AE3-60B9662A1B1E}.Debug|Mixed Platforms.ActiveCfg = Debug|Any CPU
		{9794E3F6-45AA-4841-8AE3-60B9662A1B1E}.Debug|Mixed Platforms.Build.0 = Debug|Any CPU
		{9794E3F6-45AA-4841-8AE3-60B9662A1B1E}.Debug|Win32.ActiveCfg = Debug|Any CPU
		{9794E3F6-45AA-4841-8AE3-60B9662A1B1E}.Debug|x86.ActiveCfg = Debug|Any CPU
		{9794E3F6-45AA-4841-8AE3-60B9662A1B1E}.Documentation|Any CPU.ActiveCfg = Debug|Any CPU
		{9794E3F6-45AA-4841-8AE3-60B9662A1B1E}.Documentation|Any CPU.Build.0 = Debug|Any CPU
		{9794E3F6-45AA-4841-8AE3-60B9662A1B1E}.Documentation|Mixed Platforms.ActiveCfg = Debug|Any CPU
		{9794E3F6-45AA-4841-8AE3-60B9662A1B1E}.Documentation|Mixed Platforms.Build.0 = Debug|Any CPU
		{9794E3F6-45AA-4841-8AE3-60B9662A1B1E}.Documentation|Win32.ActiveCfg = Debug|Any CPU
		{9794E3F6-45AA-4841-8AE3-60B9662A1B1E}.Documentation|x86.ActiveCfg = Debug|Any CPU
		{9794E3F6-45AA-4841-8AE3-60B9662A1B1E}.Release|Any CPU.ActiveCfg = Release|Any CPU
		{9794E3F6-45AA-4841-8AE3-60B9662A1B1E}.Release|Any CPU.Build.0 = Release|Any CPU
		{9794E3F6-45AA-4841-8AE3-60B9662A1B1E}.Release|Mixed Platforms.ActiveCfg = Release|Any CPU
		{9794E3F6-45AA-4841-8AE3-60B9662A1B1E}.Release|Mixed Platforms.Build.0 = Release|Any CPU
		{9794E3F6-45AA-4841-8AE3-60B9662A1B1E}.Release|Win32.ActiveCfg = Release|Any CPU
		{9794E3F6-45AA-4841-8AE3-60B9662A1B1E}.Release|x86.ActiveCfg = Release|Any CPU
		{17C67EF4-73FC-46E7-A8C7-2BD963F7D81A}.Debug|Any CPU.ActiveCfg = Debug|Any CPU
		{17C67EF4-73FC-46E7-A8C7-2BD963F7D81A}.Debug|Any CPU.Build.0 = Debug|Any CPU
		{17C67EF4-73FC-46E7-A8C7-2BD963F7D81A}.Debug|Mixed Platforms.ActiveCfg = Debug|Any CPU
		{17C67EF4-73FC-46E7-A8C7-2BD963F7D81A}.Debug|Mixed Platforms.Build.0 = Debug|Any CPU
		{17C67EF4-73FC-46E7-A8C7-2BD963F7D81A}.Debug|Win32.ActiveCfg = Debug|Any CPU
		{17C67EF4-73FC-46E7-A8C7-2BD963F7D81A}.Debug|x86.ActiveCfg = Debug|Any CPU
		{17C67EF4-73FC-46E7-A8C7-2BD963F7D81A}.Documentation|Any CPU.ActiveCfg = Debug|Any CPU
		{17C67EF4-73FC-46E7-A8C7-2BD963F7D81A}.Documentation|Any CPU.Build.0 = Debug|Any CPU
		{17C67EF4-73FC-46E7-A8C7-2BD963F7D81A}.Documentation|Mixed Platforms.ActiveCfg = Debug|Any CPU
		{17C67EF4-73FC-46E7-A8C7-2BD963F7D81A}.Documentation|Mixed Platforms.Build.0 = Debug|Any CPU
		{17C67EF4-73FC-46E7-A8C7-2BD963F7D81A}.Documentation|Win32.ActiveCfg = Debug|Any CPU
		{17C67EF4-73FC-46E7-A8C7-2BD963F7D81A}.Documentation|x86.ActiveCfg = Debug|Any CPU
		{17C67EF4-73FC-46E7-A8C7-2BD963F7D81A}.Release|Any CPU.ActiveCfg = Release|Any CPU
		{17C67EF4-73FC-46E7-A8C7-2BD963F7D81A}.Release|Any CPU.Build.0 = Release|Any CPU
		{17C67EF4-73FC-46E7-A8C7-2BD963F7D81A}.Release|Mixed Platforms.ActiveCfg = Release|Any CPU
		{17C67EF4-73FC-46E7-A8C7-2BD963F7D81A}.Release|Mixed Platforms.Build.0 = Release|Any CPU
		{17C67EF4-73FC-46E7-A8C7-2BD963F7D81A}.Release|Win32.ActiveCfg = Release|Any CPU
		{17C67EF4-73FC-46E7-A8C7-2BD963F7D81A}.Release|x86.ActiveCfg = Release|Any CPU
		{ABF68708-BDC0-4D29-A523-00EC942449B2}.Debug|Any CPU.ActiveCfg = Debug|Any CPU
		{ABF68708-BDC0-4D29-A523-00EC942449B2}.Debug|Any CPU.Build.0 = Debug|Any CPU
		{ABF68708-BDC0-4D29-A523-00EC942449B2}.Debug|Mixed Platforms.ActiveCfg = Debug|Any CPU
		{ABF68708-BDC0-4D29-A523-00EC942449B2}.Debug|Mixed Platforms.Build.0 = Debug|Any CPU
		{ABF68708-BDC0-4D29-A523-00EC942449B2}.Debug|Win32.ActiveCfg = Debug|Any CPU
		{ABF68708-BDC0-4D29-A523-00EC942449B2}.Debug|x86.ActiveCfg = Debug|Any CPU
		{ABF68708-BDC0-4D29-A523-00EC942449B2}.Documentation|Any CPU.ActiveCfg = Debug|Any CPU
		{ABF68708-BDC0-4D29-A523-00EC942449B2}.Documentation|Any CPU.Build.0 = Debug|Any CPU
		{ABF68708-BDC0-4D29-A523-00EC942449B2}.Documentation|Mixed Platforms.ActiveCfg = Debug|Any CPU
		{ABF68708-BDC0-4D29-A523-00EC942449B2}.Documentation|Mixed Platforms.Build.0 = Debug|Any CPU
		{ABF68708-BDC0-4D29-A523-00EC942449B2}.Documentation|Win32.ActiveCfg = Debug|Any CPU
		{ABF68708-BDC0-4D29-A523-00EC942449B2}.Documentation|x86.ActiveCfg = Debug|Any CPU
		{ABF68708-BDC0-4D29-A523-00EC942449B2}.Release|Any CPU.ActiveCfg = Release|Any CPU
		{ABF68708-BDC0-4D29-A523-00EC942449B2}.Release|Any CPU.Build.0 = Release|Any CPU
		{ABF68708-BDC0-4D29-A523-00EC942449B2}.Release|Mixed Platforms.ActiveCfg = Release|Any CPU
		{ABF68708-BDC0-4D29-A523-00EC942449B2}.Release|Mixed Platforms.Build.0 = Release|Any CPU
		{ABF68708-BDC0-4D29-A523-00EC942449B2}.Release|Win32.ActiveCfg = Release|Any CPU
		{ABF68708-BDC0-4D29-A523-00EC942449B2}.Release|x86.ActiveCfg = Release|Any CPU
		{60BE1158-C079-4603-8BC4-1658133E8EE5}.Debug|Any CPU.ActiveCfg = Debug|Any CPU
		{60BE1158-C079-4603-8BC4-1658133E8EE5}.Debug|Any CPU.Build.0 = Debug|Any CPU
		{60BE1158-C079-4603-8BC4-1658133E8EE5}.Debug|Mixed Platforms.ActiveCfg = Debug|Any CPU
		{60BE1158-C079-4603-8BC4-1658133E8EE5}.Debug|Mixed Platforms.Build.0 = Debug|Any CPU
		{60BE1158-C079-4603-8BC4-1658133E8EE5}.Debug|Win32.ActiveCfg = Debug|Any CPU
		{60BE1158-C079-4603-8BC4-1658133E8EE5}.Debug|x86.ActiveCfg = Debug|Any CPU
		{60BE1158-C079-4603-8BC4-1658133E8EE5}.Documentation|Any CPU.ActiveCfg = Debug|Any CPU
		{60BE1158-C079-4603-8BC4-1658133E8EE5}.Documentation|Any CPU.Build.0 = Debug|Any CPU
		{60BE1158-C079-4603-8BC4-1658133E8EE5}.Documentation|Mixed Platforms.ActiveCfg = Debug|Any CPU
		{60BE1158-C079-4603-8BC4-1658133E8EE5}.Documentation|Mixed Platforms.Build.0 = Debug|Any CPU
		{60BE1158-C079-4603-8BC4-1658133E8EE5}.Documentation|Win32.ActiveCfg = Debug|Any CPU
		{60BE1158-C079-4603-8BC4-1658133E8EE5}.Documentation|x86.ActiveCfg = Debug|Any CPU
		{60BE1158-C079-4603-8BC4-1658133E8EE5}.Release|Any CPU.ActiveCfg = Release|Any CPU
		{60BE1158-C079-4603-8BC4-1658133E8EE5}.Release|Any CPU.Build.0 = Release|Any CPU
		{60BE1158-C079-4603-8BC4-1658133E8EE5}.Release|Mixed Platforms.ActiveCfg = Release|Any CPU
		{60BE1158-C079-4603-8BC4-1658133E8EE5}.Release|Mixed Platforms.Build.0 = Release|Any CPU
		{60BE1158-C079-4603-8BC4-1658133E8EE5}.Release|Win32.ActiveCfg = Release|Any CPU
		{60BE1158-C079-4603-8BC4-1658133E8EE5}.Release|x86.ActiveCfg = Release|Any CPU
		{AD8E208E-4E00-4C37-98AB-AC1CF8538FB9}.Debug|Any CPU.ActiveCfg = Debug|Any CPU
		{AD8E208E-4E00-4C37-98AB-AC1CF8538FB9}.Debug|Any CPU.Build.0 = Debug|Any CPU
		{AD8E208E-4E00-4C37-98AB-AC1CF8538FB9}.Debug|Mixed Platforms.ActiveCfg = Debug|Any CPU
		{AD8E208E-4E00-4C37-98AB-AC1CF8538FB9}.Debug|Mixed Platforms.Build.0 = Debug|Any CPU
		{AD8E208E-4E00-4C37-98AB-AC1CF8538FB9}.Debug|Win32.ActiveCfg = Debug|Any CPU
		{AD8E208E-4E00-4C37-98AB-AC1CF8538FB9}.Debug|x86.ActiveCfg = Debug|Any CPU
		{AD8E208E-4E00-4C37-98AB-AC1CF8538FB9}.Documentation|Any CPU.ActiveCfg = Debug|Any CPU
		{AD8E208E-4E00-4C37-98AB-AC1CF8538FB9}.Documentation|Any CPU.Build.0 = Debug|Any CPU
		{AD8E208E-4E00-4C37-98AB-AC1CF8538FB9}.Documentation|Mixed Platforms.ActiveCfg = Debug|Any CPU
		{AD8E208E-4E00-4C37-98AB-AC1CF8538FB9}.Documentation|Mixed Platforms.Build.0 = Debug|Any CPU
		{AD8E208E-4E00-4C37-98AB-AC1CF8538FB9}.Documentation|Win32.ActiveCfg = Debug|Any CPU
		{AD8E208E-4E00-4C37-98AB-AC1CF8538FB9}.Documentation|x86.ActiveCfg = Debug|Any CPU
		{AD8E208E-4E00-4C37-98AB-AC1CF8538FB9}.Release|Any CPU.ActiveCfg = Release|Any CPU
		{AD8E208E-4E00-4C37-98AB-AC1CF8538FB9}.Release|Any CPU.Build.0 = Release|Any CPU
		{AD8E208E-4E00-4C37-98AB-AC1CF8538FB9}.Release|Mixed Platforms.ActiveCfg = Release|Any CPU
		{AD8E208E-4E00-4C37-98AB-AC1CF8538FB9}.Release|Mixed Platforms.Build.0 = Release|Any CPU
		{AD8E208E-4E00-4C37-98AB-AC1CF8538FB9}.Release|Win32.ActiveCfg = Release|Any CPU
		{AD8E208E-4E00-4C37-98AB-AC1CF8538FB9}.Release|x86.ActiveCfg = Release|Any CPU
		{88D97BB0-77CC-4431-8C6D-63EF9AD461B4}.Debug|Any CPU.ActiveCfg = Debug|Any CPU
		{88D97BB0-77CC-4431-8C6D-63EF9AD461B4}.Debug|Any CPU.Build.0 = Debug|Any CPU
		{88D97BB0-77CC-4431-8C6D-63EF9AD461B4}.Debug|Mixed Platforms.ActiveCfg = Debug|Any CPU
		{88D97BB0-77CC-4431-8C6D-63EF9AD461B4}.Debug|Mixed Platforms.Build.0 = Debug|Any CPU
		{88D97BB0-77CC-4431-8C6D-63EF9AD461B4}.Debug|Win32.ActiveCfg = Debug|Any CPU
		{88D97BB0-77CC-4431-8C6D-63EF9AD461B4}.Debug|x86.ActiveCfg = Debug|Any CPU
		{88D97BB0-77CC-4431-8C6D-63EF9AD461B4}.Documentation|Any CPU.ActiveCfg = Debug|Any CPU
		{88D97BB0-77CC-4431-8C6D-63EF9AD461B4}.Documentation|Any CPU.Build.0 = Debug|Any CPU
		{88D97BB0-77CC-4431-8C6D-63EF9AD461B4}.Documentation|Mixed Platforms.ActiveCfg = Debug|Any CPU
		{88D97BB0-77CC-4431-8C6D-63EF9AD461B4}.Documentation|Mixed Platforms.Build.0 = Debug|Any CPU
		{88D97BB0-77CC-4431-8C6D-63EF9AD461B4}.Documentation|Win32.ActiveCfg = Debug|Any CPU
		{88D97BB0-77CC-4431-8C6D-63EF9AD461B4}.Documentation|x86.ActiveCfg = Debug|Any CPU
		{88D97BB0-77CC-4431-8C6D-63EF9AD461B4}.Release|Any CPU.ActiveCfg = Release|Any CPU
		{88D97BB0-77CC-4431-8C6D-63EF9AD461B4}.Release|Any CPU.Build.0 = Release|Any CPU
		{88D97BB0-77CC-4431-8C6D-63EF9AD461B4}.Release|Mixed Platforms.ActiveCfg = Release|Any CPU
		{88D97BB0-77CC-4431-8C6D-63EF9AD461B4}.Release|Mixed Platforms.Build.0 = Release|Any CPU
		{88D97BB0-77CC-4431-8C6D-63EF9AD461B4}.Release|Win32.ActiveCfg = Release|Any CPU
		{88D97BB0-77CC-4431-8C6D-63EF9AD461B4}.Release|x86.ActiveCfg = Release|Any CPU
		{7B9B5218-AC11-48CE-83F9-465A3C897A14}.Debug|Any CPU.ActiveCfg = Debug|Any CPU
		{7B9B5218-AC11-48CE-83F9-465A3C897A14}.Debug|Any CPU.Build.0 = Debug|Any CPU
		{7B9B5218-AC11-48CE-83F9-465A3C897A14}.Debug|Mixed Platforms.ActiveCfg = Debug|Any CPU
		{7B9B5218-AC11-48CE-83F9-465A3C897A14}.Debug|Mixed Platforms.Build.0 = Debug|Any CPU
		{7B9B5218-AC11-48CE-83F9-465A3C897A14}.Debug|Win32.ActiveCfg = Debug|Any CPU
		{7B9B5218-AC11-48CE-83F9-465A3C897A14}.Debug|x86.ActiveCfg = Debug|Any CPU
		{7B9B5218-AC11-48CE-83F9-465A3C897A14}.Documentation|Any CPU.ActiveCfg = Debug|Any CPU
		{7B9B5218-AC11-48CE-83F9-465A3C897A14}.Documentation|Any CPU.Build.0 = Debug|Any CPU
		{7B9B5218-AC11-48CE-83F9-465A3C897A14}.Documentation|Mixed Platforms.ActiveCfg = Debug|Any CPU
		{7B9B5218-AC11-48CE-83F9-465A3C897A14}.Documentation|Mixed Platforms.Build.0 = Debug|Any CPU
		{7B9B5218-AC11-48CE-83F9-465A3C897A14}.Documentation|Win32.ActiveCfg = Debug|Any CPU
		{7B9B5218-AC11-48CE-83F9-465A3C897A14}.Documentation|x86.ActiveCfg = Debug|Any CPU
		{7B9B5218-AC11-48CE-83F9-465A3C897A14}.Release|Any CPU.ActiveCfg = Release|Any CPU
		{7B9B5218-AC11-48CE-83F9-465A3C897A14}.Release|Any CPU.Build.0 = Release|Any CPU
		{7B9B5218-AC11-48CE-83F9-465A3C897A14}.Release|Mixed Platforms.ActiveCfg = Release|Any CPU
		{7B9B5218-AC11-48CE-83F9-465A3C897A14}.Release|Mixed Platforms.Build.0 = Release|Any CPU
		{7B9B5218-AC11-48CE-83F9-465A3C897A14}.Release|Win32.ActiveCfg = Release|Any CPU
		{7B9B5218-AC11-48CE-83F9-465A3C897A14}.Release|x86.ActiveCfg = Release|Any CPU
		{C50EB086-0E96-4D7F-9C23-E7632ABC46AB}.Debug|Any CPU.ActiveCfg = Debug|Any CPU
		{C50EB086-0E96-4D7F-9C23-E7632ABC46AB}.Debug|Any CPU.Build.0 = Debug|Any CPU
		{C50EB086-0E96-4D7F-9C23-E7632ABC46AB}.Debug|Mixed Platforms.ActiveCfg = Debug|Any CPU
		{C50EB086-0E96-4D7F-9C23-E7632ABC46AB}.Debug|Mixed Platforms.Build.0 = Debug|Any CPU
		{C50EB086-0E96-4D7F-9C23-E7632ABC46AB}.Debug|Win32.ActiveCfg = Debug|Any CPU
		{C50EB086-0E96-4D7F-9C23-E7632ABC46AB}.Debug|x86.ActiveCfg = Debug|Any CPU
		{C50EB086-0E96-4D7F-9C23-E7632ABC46AB}.Documentation|Any CPU.ActiveCfg = Debug|Any CPU
		{C50EB086-0E96-4D7F-9C23-E7632ABC46AB}.Documentation|Any CPU.Build.0 = Debug|Any CPU
		{C50EB086-0E96-4D7F-9C23-E7632ABC46AB}.Documentation|Mixed Platforms.ActiveCfg = Debug|Any CPU
		{C50EB086-0E96-4D7F-9C23-E7632ABC46AB}.Documentation|Mixed Platforms.Build.0 = Debug|Any CPU
		{C50EB086-0E96-4D7F-9C23-E7632ABC46AB}.Documentation|Win32.ActiveCfg = Debug|Any CPU
		{C50EB086-0E96-4D7F-9C23-E7632ABC46AB}.Documentation|x86.ActiveCfg = Debug|Any CPU
		{C50EB086-0E96-4D7F-9C23-E7632ABC46AB}.Release|Any CPU.ActiveCfg = Release|Any CPU
		{C50EB086-0E96-4D7F-9C23-E7632ABC46AB}.Release|Any CPU.Build.0 = Release|Any CPU
		{C50EB086-0E96-4D7F-9C23-E7632ABC46AB}.Release|Mixed Platforms.ActiveCfg = Release|Any CPU
		{C50EB086-0E96-4D7F-9C23-E7632ABC46AB}.Release|Mixed Platforms.Build.0 = Release|Any CPU
		{C50EB086-0E96-4D7F-9C23-E7632ABC46AB}.Release|Win32.ActiveCfg = Release|Any CPU
		{C50EB086-0E96-4D7F-9C23-E7632ABC46AB}.Release|x86.ActiveCfg = Release|Any CPU
		{A558485A-58F7-4748-A0BE-EE1BB01732F5}.Debug|Any CPU.ActiveCfg = Debug|Win32
		{A558485A-58F7-4748-A0BE-EE1BB01732F5}.Debug|Mixed Platforms.ActiveCfg = Debug|Win32
		{A558485A-58F7-4748-A0BE-EE1BB01732F5}.Debug|Mixed Platforms.Build.0 = Debug|Win32
		{A558485A-58F7-4748-A0BE-EE1BB01732F5}.Debug|Win32.ActiveCfg = Debug|Win32
		{A558485A-58F7-4748-A0BE-EE1BB01732F5}.Debug|Win32.Build.0 = Debug|Win32
		{A558485A-58F7-4748-A0BE-EE1BB01732F5}.Debug|x86.ActiveCfg = Debug|Win32
		{A558485A-58F7-4748-A0BE-EE1BB01732F5}.Debug|x86.Build.0 = Debug|Win32
		{A558485A-58F7-4748-A0BE-EE1BB01732F5}.Documentation|Any CPU.ActiveCfg = Documentation|Win32
		{A558485A-58F7-4748-A0BE-EE1BB01732F5}.Documentation|Mixed Platforms.ActiveCfg = Documentation|Win32
		{A558485A-58F7-4748-A0BE-EE1BB01732F5}.Documentation|Mixed Platforms.Build.0 = Documentation|Win32
		{A558485A-58F7-4748-A0BE-EE1BB01732F5}.Documentation|Win32.ActiveCfg = Documentation|Win32
		{A558485A-58F7-4748-A0BE-EE1BB01732F5}.Documentation|Win32.Build.0 = Documentation|Win32
		{A558485A-58F7-4748-A0BE-EE1BB01732F5}.Documentation|x86.ActiveCfg = Documentation|Win32
		{A558485A-58F7-4748-A0BE-EE1BB01732F5}.Documentation|x86.Build.0 = Documentation|Win32
		{A558485A-58F7-4748-A0BE-EE1BB01732F5}.Release|Any CPU.ActiveCfg = Release|Win32
		{A558485A-58F7-4748-A0BE-EE1BB01732F5}.Release|Mixed Platforms.ActiveCfg = Release|Win32
		{A558485A-58F7-4748-A0BE-EE1BB01732F5}.Release|Mixed Platforms.Build.0 = Release|Win32
		{A558485A-58F7-4748-A0BE-EE1BB01732F5}.Release|Win32.ActiveCfg = Release|Win32
		{A558485A-58F7-4748-A0BE-EE1BB01732F5}.Release|Win32.Build.0 = Release|Win32
		{A558485A-58F7-4748-A0BE-EE1BB01732F5}.Release|x86.ActiveCfg = Release|Win32
		{A558485A-58F7-4748-A0BE-EE1BB01732F5}.Release|x86.Build.0 = Release|Win32
		{1C09DA92-5492-4022-A090-961076A41185}.Debug|Any CPU.ActiveCfg = Debug|Any CPU
		{1C09DA92-5492-4022-A090-961076A41185}.Debug|Any CPU.Build.0 = Debug|Any CPU
		{1C09DA92-5492-4022-A090-961076A41185}.Debug|Mixed Platforms.ActiveCfg = Debug|Any CPU
		{1C09DA92-5492-4022-A090-961076A41185}.Debug|Mixed Platforms.Build.0 = Debug|Any CPU
		{1C09DA92-5492-4022-A090-961076A41185}.Debug|Win32.ActiveCfg = Debug|Any CPU
		{1C09DA92-5492-4022-A090-961076A41185}.Debug|x86.ActiveCfg = Debug|Any CPU
		{1C09DA92-5492-4022-A090-961076A41185}.Documentation|Any CPU.ActiveCfg = Debug|Any CPU
		{1C09DA92-5492-4022-A090-961076A41185}.Documentation|Any CPU.Build.0 = Debug|Any CPU
		{1C09DA92-5492-4022-A090-961076A41185}.Documentation|Mixed Platforms.ActiveCfg = Debug|Any CPU
		{1C09DA92-5492-4022-A090-961076A41185}.Documentation|Mixed Platforms.Build.0 = Debug|Any CPU
		{1C09DA92-5492-4022-A090-961076A41185}.Documentation|Win32.ActiveCfg = Debug|Any CPU
		{1C09DA92-5492-4022-A090-961076A41185}.Documentation|x86.ActiveCfg = Debug|Any CPU
		{1C09DA92-5492-4022-A090-961076A41185}.Release|Any CPU.ActiveCfg = Release|Any CPU
		{1C09DA92-5492-4022-A090-961076A41185}.Release|Any CPU.Build.0 = Release|Any CPU
		{1C09DA92-5492-4022-A090-961076A41185}.Release|Mixed Platforms.ActiveCfg = Release|Any CPU
		{1C09DA92-5492-4022-A090-961076A41185}.Release|Mixed Platforms.Build.0 = Release|Any CPU
		{1C09DA92-5492-4022-A090-961076A41185}.Release|Win32.ActiveCfg = Release|Any CPU
		{1C09DA92-5492-4022-A090-961076A41185}.Release|x86.ActiveCfg = Release|Any CPU
		{DFE88B86-31CA-4BDE-A1D1-77FE83F6A541}.Debug|Any CPU.ActiveCfg = Debug|Any CPU
		{DFE88B86-31CA-4BDE-A1D1-77FE83F6A541}.Debug|Any CPU.Build.0 = Debug|Any CPU
		{DFE88B86-31CA-4BDE-A1D1-77FE83F6A541}.Debug|Mixed Platforms.ActiveCfg = Debug|Any CPU
		{DFE88B86-31CA-4BDE-A1D1-77FE83F6A541}.Debug|Mixed Platforms.Build.0 = Debug|Any CPU
		{DFE88B86-31CA-4BDE-A1D1-77FE83F6A541}.Debug|Win32.ActiveCfg = Debug|Any CPU
		{DFE88B86-31CA-4BDE-A1D1-77FE83F6A541}.Debug|x86.ActiveCfg = Debug|Any CPU
		{DFE88B86-31CA-4BDE-A1D1-77FE83F6A541}.Documentation|Any CPU.ActiveCfg = Debug|Any CPU
		{DFE88B86-31CA-4BDE-A1D1-77FE83F6A541}.Documentation|Any CPU.Build.0 = Debug|Any CPU
		{DFE88B86-31CA-4BDE-A1D1-77FE83F6A541}.Documentation|Mixed Platforms.ActiveCfg = Debug|Any CPU
		{DFE88B86-31CA-4BDE-A1D1-77FE83F6A541}.Documentation|Mixed Platforms.Build.0 = Debug|Any CPU
		{DFE88B86-31CA-4BDE-A1D1-77FE83F6A541}.Documentation|Win32.ActiveCfg = Debug|Any CPU
		{DFE88B86-31CA-4BDE-A1D1-77FE83F6A541}.Documentation|x86.ActiveCfg = Debug|Any CPU
		{DFE88B86-31CA-4BDE-A1D1-77FE83F6A541}.Release|Any CPU.ActiveCfg = Release|Any CPU
		{DFE88B86-31CA-4BDE-A1D1-77FE83F6A541}.Release|Any CPU.Build.0 = Release|Any CPU
		{DFE88B86-31CA-4BDE-A1D1-77FE83F6A541}.Release|Mixed Platforms.ActiveCfg = Release|Any CPU
		{DFE88B86-31CA-4BDE-A1D1-77FE83F6A541}.Release|Mixed Platforms.Build.0 = Release|Any CPU
		{DFE88B86-31CA-4BDE-A1D1-77FE83F6A541}.Release|Win32.ActiveCfg = Release|Any CPU
		{DFE88B86-31CA-4BDE-A1D1-77FE83F6A541}.Release|x86.ActiveCfg = Release|Any CPU
		{13122D85-C813-4217-AE28-7921FC5588B2}.Debug|Any CPU.ActiveCfg = Debug|Any CPU
		{13122D85-C813-4217-AE28-7921FC5588B2}.Debug|Any CPU.Build.0 = Debug|Any CPU
		{13122D85-C813-4217-AE28-7921FC5588B2}.Debug|Mixed Platforms.ActiveCfg = Debug|Any CPU
		{13122D85-C813-4217-AE28-7921FC5588B2}.Debug|Mixed Platforms.Build.0 = Debug|Any CPU
		{13122D85-C813-4217-AE28-7921FC5588B2}.Debug|Win32.ActiveCfg = Debug|Any CPU
		{13122D85-C813-4217-AE28-7921FC5588B2}.Debug|x86.ActiveCfg = Debug|Any CPU
		{13122D85-C813-4217-AE28-7921FC5588B2}.Documentation|Any CPU.ActiveCfg = Debug|Any CPU
		{13122D85-C813-4217-AE28-7921FC5588B2}.Documentation|Any CPU.Build.0 = Debug|Any CPU
		{13122D85-C813-4217-AE28-7921FC5588B2}.Documentation|Mixed Platforms.ActiveCfg = Debug|Any CPU
		{13122D85-C813-4217-AE28-7921FC5588B2}.Documentation|Mixed Platforms.Build.0 = Debug|Any CPU
		{13122D85-C813-4217-AE28-7921FC5588B2}.Documentation|Win32.ActiveCfg = Debug|Any CPU
		{13122D85-C813-4217-AE28-7921FC5588B2}.Documentation|x86.ActiveCfg = Debug|Any CPU
		{13122D85-C813-4217-AE28-7921FC5588B2}.Release|Any CPU.ActiveCfg = Release|Any CPU
		{13122D85-C813-4217-AE28-7921FC5588B2}.Release|Any CPU.Build.0 = Release|Any CPU
		{13122D85-C813-4217-AE28-7921FC5588B2}.Release|Mixed Platforms.ActiveCfg = Release|Any CPU
		{13122D85-C813-4217-AE28-7921FC5588B2}.Release|Mixed Platforms.Build.0 = Release|Any CPU
		{13122D85-C813-4217-AE28-7921FC5588B2}.Release|Win32.ActiveCfg = Release|Any CPU
		{13122D85-C813-4217-AE28-7921FC5588B2}.Release|x86.ActiveCfg = Release|Any CPU
	EndGlobalSection
	GlobalSection(SolutionProperties) = preSolution
		HideSolutionNode = FALSE
	EndGlobalSection
EndGlobal
